
Microsoft Visual Studio Solution File, Format Version 12.00
# Visual Studio Version 17
VisualStudioVersion = 17.5.33530.505
MinimumVisualStudioVersion = 10.0.40219.1
Project("{9A19103F-16F7-4668-BE54-9A1E7A4F7556}") = "IIoT.Infrastructure.Base", "IIoT.Infrastructure.Base\IIoT.Infrastructure.Base.csproj", "{C9F8C5F9-879D-4AF9-A16D-3D64D3DAB1B2}"
EndProject
Project("{9A19103F-16F7-4668-BE54-9A1E7A4F7556}") = "IIoT.Infrastructure.Core", "IIoT.Infrastructure.Core\IIoT.Infrastructure.Core.csproj", "{FEE8A02C-2CAC-48D3-9C97-94C87890D2CF}"
EndProject
Project("{9A19103F-16F7-4668-BE54-9A1E7A4F7556}") = "IIoT.Infrastructure.Pillbox", "IIoT.Infrastructure.Pillbox\IIoT.Infrastructure.Pillbox.csproj", "{8C394F3D-7D91-43A6-A0B8-C03348463E62}"
EndProject
Project("{9A19103F-16F7-4668-BE54-9A1E7A4F7556}") = "IIoT.Infrastructure.Garner", "IIoT.Infrastructure.Garner\IIoT.Infrastructure.Garner.csproj", "{146F46F1-4261-4A62-8162-A66A90A4763C}"
EndProject
Global
	GlobalSection(SolutionConfigurationPlatforms) = preSolution
		Debug|Any CPU = Debug|Any CPU
		Release|Any CPU = Release|Any CPU
	EndGlobalSection
	GlobalSection(ProjectConfigurationPlatforms) = postSolution
		{C9F8C5F9-879D-4AF9-A16D-3D64D3DAB1B2}.Debug|Any CPU.ActiveCfg = Debug|Any CPU
		{C9F8C5F9-879D-4AF9-A16D-3D64D3DAB1B2}.Debug|Any CPU.Build.0 = Debug|Any CPU
		{C9F8C5F9-879D-4AF9-A16D-3D64D3DAB1B2}.Release|Any CPU.ActiveCfg = Release|Any CPU
		{C9F8C5F9-879D-4AF9-A16D-3D64D3DAB1B2}.Release|Any CPU.Build.0 = Release|Any CPU
		{FEE8A02C-2CAC-48D3-9C97-94C87890D2CF}.Debug|Any CPU.ActiveCfg = Debug|Any CPU
		{FEE8A02C-2CAC-48D3-9C97-94C87890D2CF}.Debug|Any CPU.Build.0 = Debug|Any CPU
		{FEE8A02C-2CAC-48D3-9C97-94C87890D2CF}.Release|Any CPU.ActiveCfg = Release|Any CPU
		{FEE8A02C-2CAC-48D3-9C97-94C87890D2CF}.Release|Any CPU.Build.0 = Release|Any CPU
		{8C394F3D-7D91-43A6-A0B8-C03348463E62}.Debug|Any CPU.ActiveCfg = Debug|Any CPU
		{8C394F3D-7D91-43A6-A0B8-C03348463E62}.Debug|Any CPU.Build.0 = Debug|Any CPU
		{8C394F3D-7D91-43A6-A0B8-C03348463E62}.Release|Any CPU.ActiveCfg = Release|Any CPU
		{8C394F3D-7D91-43A6-A0B8-C03348463E62}.Release|Any CPU.Build.0 = Release|Any CPU
		{146F46F1-4261-4A62-8162-A66A90A4763C}.Debug|Any CPU.ActiveCfg = Debug|Any CPU
		{146F46F1-4261-4A62-8162-A66A90A4763C}.Debug|Any CPU.Build.0 = Debug|Any CPU
		{146F46F1-4261-4A62-8162-A66A90A4763C}.Release|Any CPU.ActiveCfg = Release|Any CPU
		{146F46F1-4261-4A62-8162-A66A90A4763C}.Release|Any CPU.Build.0 = Release|Any CPU
	EndGlobalSection
	GlobalSection(SolutionProperties) = preSolution
		HideSolutionNode = FALSE
	EndGlobalSection
	GlobalSection(ExtensibilityGlobals) = postSolution
		SolutionGuid = {68ECEC06-70D4-42B0-BC01-FA4930A7D0C4}
	EndGlobalSection
EndGlobal
